
Microsoft Visual Studio Solution File, Format Version 12.00
# Visual Studio Version 17
VisualStudioVersion = 17.9.34723.18
MinimumVisualStudioVersion = 10.0.40219.1
Project("{FAE04EC0-301F-11D3-BF4B-00C04F79EFBC}") = "LiveDemo", "LiveDemo\LiveDemo.csproj", "{F4BC875D-11EF-475F-9717-B4AE4180639F}"
EndProject
Global
	GlobalSection(SolutionConfigurationPlatforms) = preSolution
		Debug|Any CPU = Debug|Any CPU
		Release|Any CPU = Release|Any CPU
	EndGlobalSection
	GlobalSection(ProjectConfigurationPlatforms) = postSolution
		{F4BC875D-11EF-475F-9717-B4AE4180639F}.Debug|Any CPU.ActiveCfg = Debug|Any CPU
		{F4BC875D-11EF-475F-9717-B4AE4180639F}.Debug|Any CPU.Build.0 = Debug|Any CPU
		{F4BC875D-11EF-475F-9717-B4AE4180639F}.Release|Any CPU.ActiveCfg = Release|Any CPU
		{F4BC875D-11EF-475F-9717-B4AE4180639F}.Release|Any CPU.Build.0 = Release|Any CPU
	EndGlobalSection
	GlobalSection(SolutionProperties) = preSolution
		HideSolutionNode = FALSE
	EndGlobalSection
	GlobalSection(ExtensibilityGlobals) = postSolution
		SolutionGuid = {B4B4E658-6D28-4B01-AE44-B603A8BC4517}
	EndGlobalSection
EndGlobal
